
Microsoft Visual Studio Solution File, Format Version 12.00
# Visual Studio 2013
VisualStudioVersion = 12.0.21005.1
MinimumVisualStudioVersion = 10.0.40219.1
Project("{FAE04EC0-301F-11D3-BF4B-00C04F79EFBC}") = "Snowflak", "Snowflak\Snowflak.csproj", "{BEAE47B6-0EBE-4C56-835E-4764CA6E55E7}"
EndProject
Project("{FAE04EC0-301F-11D3-BF4B-00C04F79EFBC}") = "MemcachedClinet", "MemcachedClinet\MemcachedClinet.csproj", "{BBC61681-63E6-4D40-93C7-3A9DAFE4180B}"
EndProject
Project("{FAE04EC0-301F-11D3-BF4B-00C04F79EFBC}") = "Algorithm", "Algorithm\Algorithm.csproj", "{525A769E-E408-4045-9341-A522BB349170}"
EndProject
Project("{FAE04EC0-301F-11D3-BF4B-00C04F79EFBC}") = "RabbitMQSend", "RabbitMQSend\RabbitMQSend.csproj", "{294C3032-B3E3-48F7-AB1A-2F08BB9769FE}"
EndProject
Project("{FAE04EC0-301F-11D3-BF4B-00C04F79EFBC}") = "RabitMQReceive", "RabitMQReceive\RabitMQReceive.csproj", "{77FD1F4A-94E5-450B-8E8E-F0A0547B5883}"
EndProject
Project("{FAE04EC0-301F-11D3-BF4B-00C04F79EFBC}") = "LocalTime", "LocalTime\LocalTime.csproj", "{B63D9A2C-F94B-45E3-944D-6556834369A4}"
EndProject
Project("{FAE04EC0-301F-11D3-BF4B-00C04F79EFBC}") = "Javascript", "Javascript\Javascript.csproj", "{F04B06D9-8C40-47C9-9A53-CFA13319A139}"
EndProject
Project("{FAE04EC0-301F-11D3-BF4B-00C04F79EFBC}") = "javascriptLibaray", "javascriptLibaray\javascriptLibaray.csproj", "{A6B5B586-BCCC-4C7B-AB20-C0BA29D3571E}"
EndProject
Project("{FAE04EC0-301F-11D3-BF4B-00C04F79EFBC}") = "AgilePointAPI", "AgilePointAPI\AgilePointAPI.csproj", "{381780B7-DC09-40D1-B0D8-8782D33A78FF}"
EndProject
Project("{FAE04EC0-301F-11D3-BF4B-00C04F79EFBC}") = "Async", "Async\Async.csproj", "{5C53CDDD-1AA3-4694-9778-360D2BE94FC8}"
EndProject
Project("{FAE04EC0-301F-11D3-BF4B-00C04F79EFBC}") = "SendPost", "SendPost\SendPost.csproj", "{EFC86B11-EBA7-4EB9-9640-DEA54E2341D8}"
EndProject
Global
	GlobalSection(SolutionConfigurationPlatforms) = preSolution
		Debug|Any CPU = Debug|Any CPU
		Release|Any CPU = Release|Any CPU
	EndGlobalSection
	GlobalSection(ProjectConfigurationPlatforms) = postSolution
		{BEAE47B6-0EBE-4C56-835E-4764CA6E55E7}.Debug|Any CPU.ActiveCfg = Debug|Any CPU
		{BEAE47B6-0EBE-4C56-835E-4764CA6E55E7}.Debug|Any CPU.Build.0 = Debug|Any CPU
		{BEAE47B6-0EBE-4C56-835E-4764CA6E55E7}.Release|Any CPU.ActiveCfg = Release|Any CPU
		{BEAE47B6-0EBE-4C56-835E-4764CA6E55E7}.Release|Any CPU.Build.0 = Release|Any CPU
		{BBC61681-63E6-4D40-93C7-3A9DAFE4180B}.Debug|Any CPU.ActiveCfg = Debug|Any CPU
		{BBC61681-63E6-4D40-93C7-3A9DAFE4180B}.Debug|Any CPU.Build.0 = Debug|Any CPU
		{BBC61681-63E6-4D40-93C7-3A9DAFE4180B}.Release|Any CPU.ActiveCfg = Release|Any CPU
		{BBC61681-63E6-4D40-93C7-3A9DAFE4180B}.Release|Any CPU.Build.0 = Release|Any CPU
		{525A769E-E408-4045-9341-A522BB349170}.Debug|Any CPU.ActiveCfg = Debug|Any CPU
		{525A769E-E408-4045-9341-A522BB349170}.Debug|Any CPU.Build.0 = Debug|Any CPU
		{525A769E-E408-4045-9341-A522BB349170}.Release|Any CPU.ActiveCfg = Release|Any CPU
		{525A769E-E408-4045-9341-A522BB349170}.Release|Any CPU.Build.0 = Release|Any CPU
		{294C3032-B3E3-48F7-AB1A-2F08BB9769FE}.Debug|Any CPU.ActiveCfg = Debug|Any CPU
		{294C3032-B3E3-48F7-AB1A-2F08BB9769FE}.Debug|Any CPU.Build.0 = Debug|Any CPU
		{294C3032-B3E3-48F7-AB1A-2F08BB9769FE}.Release|Any CPU.ActiveCfg = Release|Any CPU
		{294C3032-B3E3-48F7-AB1A-2F08BB9769FE}.Release|Any CPU.Build.0 = Release|Any CPU
		{77FD1F4A-94E5-450B-8E8E-F0A0547B5883}.Debug|Any CPU.ActiveCfg = Debug|Any CPU
		{77FD1F4A-94E5-450B-8E8E-F0A0547B5883}.Debug|Any CPU.Build.0 = Debug|Any CPU
		{77FD1F4A-94E5-450B-8E8E-F0A0547B5883}.Release|Any CPU.ActiveCfg = Release|Any CPU
		{77FD1F4A-94E5-450B-8E8E-F0A0547B5883}.Release|Any CPU.Build.0 = Release|Any CPU
		{B63D9A2C-F94B-45E3-944D-6556834369A4}.Debug|Any CPU.ActiveCfg = Debug|Any CPU
		{B63D9A2C-F94B-45E3-944D-6556834369A4}.Debug|Any CPU.Build.0 = Debug|Any CPU
		{B63D9A2C-F94B-45E3-944D-6556834369A4}.Release|Any CPU.ActiveCfg = Release|Any CPU
		{B63D9A2C-F94B-45E3-944D-6556834369A4}.Release|Any CPU.Build.0 = Release|Any CPU
		{F04B06D9-8C40-47C9-9A53-CFA13319A139}.Debug|Any CPU.ActiveCfg = Debug|Any CPU
		{F04B06D9-8C40-47C9-9A53-CFA13319A139}.Debug|Any CPU.Build.0 = Debug|Any CPU
		{F04B06D9-8C40-47C9-9A53-CFA13319A139}.Release|Any CPU.ActiveCfg = Release|Any CPU
		{F04B06D9-8C40-47C9-9A53-CFA13319A139}.Release|Any CPU.Build.0 = Release|Any CPU
		{A6B5B586-BCCC-4C7B-AB20-C0BA29D3571E}.Debug|Any CPU.ActiveCfg = Debug|Any CPU
		{A6B5B586-BCCC-4C7B-AB20-C0BA29D3571E}.Debug|Any CPU.Build.0 = Debug|Any CPU
		{A6B5B586-BCCC-4C7B-AB20-C0BA29D3571E}.Release|Any CPU.ActiveCfg = Release|Any CPU
		{A6B5B586-BCCC-4C7B-AB20-C0BA29D3571E}.Release|Any CPU.Build.0 = Release|Any CPU
		{381780B7-DC09-40D1-B0D8-8782D33A78FF}.Debug|Any CPU.ActiveCfg = Debug|Any CPU
		{381780B7-DC09-40D1-B0D8-8782D33A78FF}.Debug|Any CPU.Build.0 = Debug|Any CPU
		{381780B7-DC09-40D1-B0D8-8782D33A78FF}.Release|Any CPU.ActiveCfg = Release|Any CPU
		{381780B7-DC09-40D1-B0D8-8782D33A78FF}.Release|Any CPU.Build.0 = Release|Any CPU
		{5C53CDDD-1AA3-4694-9778-360D2BE94FC8}.Debug|Any CPU.ActiveCfg = Debug|Any CPU
		{5C53CDDD-1AA3-4694-9778-360D2BE94FC8}.Debug|Any CPU.Build.0 = Debug|Any CPU
		{5C53CDDD-1AA3-4694-9778-360D2BE94FC8}.Release|Any CPU.ActiveCfg = Release|Any CPU
		{5C53CDDD-1AA3-4694-9778-360D2BE94FC8}.Release|Any CPU.Build.0 = Release|Any CPU
		{EFC86B11-EBA7-4EB9-9640-DEA54E2341D8}.Debug|Any CPU.ActiveCfg = Debug|Any CPU
		{EFC86B11-EBA7-4EB9-9640-DEA54E2341D8}.Debug|Any CPU.Build.0 = Debug|Any CPU
		{EFC86B11-EBA7-4EB9-9640-DEA54E2341D8}.Release|Any CPU.ActiveCfg = Release|Any CPU
		{EFC86B11-EBA7-4EB9-9640-DEA54E2341D8}.Release|Any CPU.Build.0 = Release|Any CPU
	EndGlobalSection
	GlobalSection(SolutionProperties) = preSolution
		HideSolutionNode = FALSE
	EndGlobalSection
EndGlobal
